
Microsoft Visual Studio Solution File, Format Version 12.00
# Visual Studio 15
VisualStudioVersion = 15.0.26124.0
MinimumVisualStudioVersion = 15.0.26124.0
Project("{9A19103F-16F7-4668-BE54-9A1E7A4F7556}") = "PaketMultiTargetingTest", "src\PaketMultiTargetingTest.csproj", "{D837A4F6-D677-4EEF-A7FD-ADD8D39723A4}"
EndProject
Global
	GlobalSection(SolutionConfigurationPlatforms) = preSolution
		Debug|Any CPU = Debug|Any CPU
		Release|Any CPU = Release|Any CPU
	EndGlobalSection
	GlobalSection(ProjectConfigurationPlatforms) = postSolution
		{D837A4F6-D677-4EEF-A7FD-ADD8D39723A4}.Debug|Any CPU.ActiveCfg = Debug|Any CPU
		{D837A4F6-D677-4EEF-A7FD-ADD8D39723A4}.Debug|Any CPU.Build.0 = Debug|Any CPU
		{D837A4F6-D677-4EEF-A7FD-ADD8D39723A4}.Release|Any CPU.ActiveCfg = Release|Any CPU
		{D837A4F6-D677-4EEF-A7FD-ADD8D39723A4}.Release|Any CPU.Build.0 = Release|Any CPU
	EndGlobalSection
	GlobalSection(SolutionProperties) = preSolution
		HideSolutionNode = FALSE
	EndGlobalSection
	GlobalSection(ExtensibilityGlobals) = postSolution
		SolutionGuid = {2E9AE19A-0614-44A1-BD54-0C140755A71D}
	EndGlobalSection
EndGlobal
